
Microsoft Visual Studio Solution File, Format Version 12.00
# Visual Studio 14
VisualStudioVersion = 14.0.25420.1
MinimumVisualStudioVersion = 10.0.40219.1
Project("{2150E333-8FDC-42A3-9474-1A3956D46DE8}") = "src", "src", "{31225AA1-1E78-4859-93A0-44C6E3213F83}"
EndProject
Project("{2150E333-8FDC-42A3-9474-1A3956D46DE8}") = "Solution Items", "Solution Items", "{6F8FF27A-0E94-45A5-9F81-4057F0FBBB35}"
	ProjectSection(SolutionItems) = preProject
		global.json = global.json
	EndProjectSection
EndProject
Project("{8BB2217D-0F2D-49D1-97BC-3654ED321F3B}") = "VideoGames", "src\VideoGames\VideoGames.xproj", "{DDEF1802-A87C-443E-8902-97E00714A14F}"
EndProject
Global
	GlobalSection(SolutionConfigurationPlatforms) = preSolution
		Debug|Any CPU = Debug|Any CPU
		Release|Any CPU = Release|Any CPU
	EndGlobalSection
	GlobalSection(ProjectConfigurationPlatforms) = postSolution
		{DDEF1802-A87C-443E-8902-97E00714A14F}.Debug|Any CPU.ActiveCfg = Debug|Any CPU
		{DDEF1802-A87C-443E-8902-97E00714A14F}.Debug|Any CPU.Build.0 = Debug|Any CPU
		{DDEF1802-A87C-443E-8902-97E00714A14F}.Release|Any CPU.ActiveCfg = Release|Any CPU
		{DDEF1802-A87C-443E-8902-97E00714A14F}.Release|Any CPU.Build.0 = Release|Any CPU
	EndGlobalSection
	GlobalSection(SolutionProperties) = preSolution
		HideSolutionNode = FALSE
	EndGlobalSection
	GlobalSection(NestedProjects) = preSolution
		{DDEF1802-A87C-443E-8902-97E00714A14F} = {31225AA1-1E78-4859-93A0-44C6E3213F83}
	EndGlobalSection
EndGlobal
